
Microsoft Visual Studio Solution File, Format Version 11.00
# Visual Studio 2010
# SharpDevelop 5.1
Project("{FAE04EC0-301F-11D3-BF4B-00C04F79EFBC}") = "Ejercicio1", "Ejercicio1\Ejercicio1.csproj", "{3FC2FD7F-B19B-42DC-9116-04BEE88F8CB7}"
EndProject
Project("{FAE04EC0-301F-11D3-BF4B-00C04F79EFBC}") = "Ejercicio2", "Ejercicio2\Ejercicio2.csproj", "{026A69A7-1913-4D36-92C7-82EEE76EF90E}"
EndProject
Project("{FAE04EC0-301F-11D3-BF4B-00C04F79EFBC}") = "Ejercicio3", "Ejercicio3\Ejercicio3.csproj", "{01C42BE1-2B06-47D1-AE95-F4225B46ADAF}"
EndProject
Global
	GlobalSection(SolutionConfigurationPlatforms) = preSolution
		Debug|Any CPU = Debug|Any CPU
		Release|Any CPU = Release|Any CPU
	EndGlobalSection
	GlobalSection(ProjectConfigurationPlatforms) = postSolution
		{3FC2FD7F-B19B-42DC-9116-04BEE88F8CB7}.Debug|Any CPU.ActiveCfg = Debug|Any CPU
		{3FC2FD7F-B19B-42DC-9116-04BEE88F8CB7}.Debug|Any CPU.Build.0 = Debug|Any CPU
		{3FC2FD7F-B19B-42DC-9116-04BEE88F8CB7}.Release|Any CPU.ActiveCfg = Release|Any CPU
		{3FC2FD7F-B19B-42DC-9116-04BEE88F8CB7}.Release|Any CPU.Build.0 = Release|Any CPU
		{026A69A7-1913-4D36-92C7-82EEE76EF90E}.Debug|Any CPU.ActiveCfg = Debug|Any CPU
		{026A69A7-1913-4D36-92C7-82EEE76EF90E}.Debug|Any CPU.Build.0 = Debug|Any CPU
		{026A69A7-1913-4D36-92C7-82EEE76EF90E}.Release|Any CPU.ActiveCfg = Release|Any CPU
		{026A69A7-1913-4D36-92C7-82EEE76EF90E}.Release|Any CPU.Build.0 = Release|Any CPU
		{01C42BE1-2B06-47D1-AE95-F4225B46ADAF}.Debug|Any CPU.ActiveCfg = Debug|Any CPU
		{01C42BE1-2B06-47D1-AE95-F4225B46ADAF}.Debug|Any CPU.Build.0 = Debug|Any CPU
		{01C42BE1-2B06-47D1-AE95-F4225B46ADAF}.Release|Any CPU.ActiveCfg = Release|Any CPU
		{01C42BE1-2B06-47D1-AE95-F4225B46ADAF}.Release|Any CPU.Build.0 = Release|Any CPU
	EndGlobalSection
EndGlobal
