
Microsoft Visual Studio Solution File, Format Version 11.00
# Visual Studio 2010
# SharpDevelop 5.1
Project("{FAE04EC0-301F-11D3-BF4B-00C04F79EFBC}") = "Ejercicio1", "Ejercicio1\Ejercicio1.csproj", "{D4D414DA-1488-452F-9B99-CCA0F05C324C}"
EndProject
Project("{FAE04EC0-301F-11D3-BF4B-00C04F79EFBC}") = "Ejercicio2", "Ejercicio2\Ejercicio2.csproj", "{1088EEE9-223A-4455-BD33-E3D979561200}"
EndProject
Project("{FAE04EC0-301F-11D3-BF4B-00C04F79EFBC}") = "Ejercicio3", "Ejercicio3\Ejercicio3.csproj", "{82D45E7D-5A61-4939-BD83-85B442E6C02F}"
EndProject
Global
	GlobalSection(SolutionConfigurationPlatforms) = preSolution
		Debug|Any CPU = Debug|Any CPU
		Release|Any CPU = Release|Any CPU
	EndGlobalSection
	GlobalSection(ProjectConfigurationPlatforms) = postSolution
		{D4D414DA-1488-452F-9B99-CCA0F05C324C}.Debug|Any CPU.ActiveCfg = Debug|Any CPU
		{D4D414DA-1488-452F-9B99-CCA0F05C324C}.Debug|Any CPU.Build.0 = Debug|Any CPU
		{D4D414DA-1488-452F-9B99-CCA0F05C324C}.Release|Any CPU.ActiveCfg = Release|Any CPU
		{D4D414DA-1488-452F-9B99-CCA0F05C324C}.Release|Any CPU.Build.0 = Release|Any CPU
		{1088EEE9-223A-4455-BD33-E3D979561200}.Debug|Any CPU.ActiveCfg = Debug|Any CPU
		{1088EEE9-223A-4455-BD33-E3D979561200}.Debug|Any CPU.Build.0 = Debug|Any CPU
		{1088EEE9-223A-4455-BD33-E3D979561200}.Release|Any CPU.ActiveCfg = Release|Any CPU
		{1088EEE9-223A-4455-BD33-E3D979561200}.Release|Any CPU.Build.0 = Release|Any CPU
		{82D45E7D-5A61-4939-BD83-85B442E6C02F}.Debug|Any CPU.ActiveCfg = Debug|Any CPU
		{82D45E7D-5A61-4939-BD83-85B442E6C02F}.Debug|Any CPU.Build.0 = Debug|Any CPU
		{82D45E7D-5A61-4939-BD83-85B442E6C02F}.Release|Any CPU.ActiveCfg = Release|Any CPU
		{82D45E7D-5A61-4939-BD83-85B442E6C02F}.Release|Any CPU.Build.0 = Release|Any CPU
	EndGlobalSection
EndGlobal
