
Microsoft Visual Studio Solution File, Format Version 11.00
# Visual Studio 2010
# SharpDevelop 5.1
Project("{FAE04EC0-301F-11D3-BF4B-00C04F79EFBC}") = "ejercicio1", "Practica1\ejercicio1.csproj", "{A698CEE8-6CE7-4329-94AD-D67C52065356}"
EndProject
Project("{FAE04EC0-301F-11D3-BF4B-00C04F79EFBC}") = "ejercicio2", "ejercicio2\ejercicio2.csproj", "{150747AF-1CF0-4176-A0E1-3F4046EBDA2F}"
EndProject
Project("{FAE04EC0-301F-11D3-BF4B-00C04F79EFBC}") = "ejercicio 3", "ejercicio 3\ejercicio 3.csproj", "{CCA4F554-E59C-4B1B-ADFA-AED2A690C5C9}"
EndProject
Project("{FAE04EC0-301F-11D3-BF4B-00C04F79EFBC}") = "ejercicio4", "ejercicio4\ejercicio4.csproj", "{C5663DF5-A290-490A-9BF4-CE0A836DF3F2}"
EndProject
Project("{FAE04EC0-301F-11D3-BF4B-00C04F79EFBC}") = "ejercicio5", "ejercicio5\ejercicio5.csproj", "{041C5231-46FA-4133-82AB-66CBE67B6FD4}"
EndProject
Project("{FAE04EC0-301F-11D3-BF4B-00C04F79EFBC}") = "ejercicio6", "ejercicio6\ejercicio6.csproj", "{3DCC0DE3-4876-46FB-B2A6-22668BABA956}"
EndProject
Global
	GlobalSection(SolutionConfigurationPlatforms) = preSolution
		Debug|Any CPU = Debug|Any CPU
		Release|Any CPU = Release|Any CPU
	EndGlobalSection
	GlobalSection(ProjectConfigurationPlatforms) = postSolution
		{A698CEE8-6CE7-4329-94AD-D67C52065356}.Debug|Any CPU.ActiveCfg = Debug|Any CPU
		{A698CEE8-6CE7-4329-94AD-D67C52065356}.Debug|Any CPU.Build.0 = Debug|Any CPU
		{A698CEE8-6CE7-4329-94AD-D67C52065356}.Release|Any CPU.ActiveCfg = Release|Any CPU
		{A698CEE8-6CE7-4329-94AD-D67C52065356}.Release|Any CPU.Build.0 = Release|Any CPU
		{150747AF-1CF0-4176-A0E1-3F4046EBDA2F}.Debug|Any CPU.ActiveCfg = Debug|Any CPU
		{150747AF-1CF0-4176-A0E1-3F4046EBDA2F}.Debug|Any CPU.Build.0 = Debug|Any CPU
		{150747AF-1CF0-4176-A0E1-3F4046EBDA2F}.Release|Any CPU.ActiveCfg = Release|Any CPU
		{150747AF-1CF0-4176-A0E1-3F4046EBDA2F}.Release|Any CPU.Build.0 = Release|Any CPU
		{CCA4F554-E59C-4B1B-ADFA-AED2A690C5C9}.Debug|Any CPU.ActiveCfg = Debug|Any CPU
		{CCA4F554-E59C-4B1B-ADFA-AED2A690C5C9}.Debug|Any CPU.Build.0 = Debug|Any CPU
		{CCA4F554-E59C-4B1B-ADFA-AED2A690C5C9}.Release|Any CPU.ActiveCfg = Release|Any CPU
		{CCA4F554-E59C-4B1B-ADFA-AED2A690C5C9}.Release|Any CPU.Build.0 = Release|Any CPU
		{C5663DF5-A290-490A-9BF4-CE0A836DF3F2}.Debug|Any CPU.ActiveCfg = Debug|Any CPU
		{C5663DF5-A290-490A-9BF4-CE0A836DF3F2}.Debug|Any CPU.Build.0 = Debug|Any CPU
		{C5663DF5-A290-490A-9BF4-CE0A836DF3F2}.Release|Any CPU.ActiveCfg = Release|Any CPU
		{C5663DF5-A290-490A-9BF4-CE0A836DF3F2}.Release|Any CPU.Build.0 = Release|Any CPU
		{041C5231-46FA-4133-82AB-66CBE67B6FD4}.Debug|Any CPU.ActiveCfg = Debug|Any CPU
		{041C5231-46FA-4133-82AB-66CBE67B6FD4}.Debug|Any CPU.Build.0 = Debug|Any CPU
		{041C5231-46FA-4133-82AB-66CBE67B6FD4}.Release|Any CPU.ActiveCfg = Release|Any CPU
		{041C5231-46FA-4133-82AB-66CBE67B6FD4}.Release|Any CPU.Build.0 = Release|Any CPU
		{3DCC0DE3-4876-46FB-B2A6-22668BABA956}.Debug|Any CPU.ActiveCfg = Debug|Any CPU
		{3DCC0DE3-4876-46FB-B2A6-22668BABA956}.Debug|Any CPU.Build.0 = Debug|Any CPU
		{3DCC0DE3-4876-46FB-B2A6-22668BABA956}.Release|Any CPU.ActiveCfg = Release|Any CPU
		{3DCC0DE3-4876-46FB-B2A6-22668BABA956}.Release|Any CPU.Build.0 = Release|Any CPU
	EndGlobalSection
EndGlobal
